
Microsoft Visual Studio Solution File, Format Version 12.00
# Visual Studio Version 17
VisualStudioVersion = 17.9.34723.18
MinimumVisualStudioVersion = 10.0.40219.1
Project("{8BC9CEB8-8B4A-11D0-8D11-00A0C91BC942}") = "gpa1", "gpa1.vcxproj", "{581E9003-7CCF-4AE0-B20B-5E2CC348C384}"
EndProject
Global
	GlobalSection(SolutionConfigurationPlatforms) = preSolution
		Debug|x64 = Debug|x64
		Debug|x86 = Debug|x86
		Release|x64 = Release|x64
		Release|x86 = Release|x86
	EndGlobalSection
	GlobalSection(ProjectConfigurationPlatforms) = postSolution
		{581E9003-7CCF-4AE0-B20B-5E2CC348C384}.Debug|x64.ActiveCfg = Debug|x64
		{581E9003-7CCF-4AE0-B20B-5E2CC348C384}.Debug|x64.Build.0 = Debug|x64
		{581E9003-7CCF-4AE0-B20B-5E2CC348C384}.Debug|x86.ActiveCfg = Debug|Win32
		{581E9003-7CCF-4AE0-B20B-5E2CC348C384}.Debug|x86.Build.0 = Debug|Win32
		{581E9003-7CCF-4AE0-B20B-5E2CC348C384}.Release|x64.ActiveCfg = Release|x64
		{581E9003-7CCF-4AE0-B20B-5E2CC348C384}.Release|x64.Build.0 = Release|x64
		{581E9003-7CCF-4AE0-B20B-5E2CC348C384}.Release|x86.ActiveCfg = Release|Win32
		{581E9003-7CCF-4AE0-B20B-5E2CC348C384}.Release|x86.Build.0 = Release|Win32
	EndGlobalSection
	GlobalSection(SolutionProperties) = preSolution
		HideSolutionNode = FALSE
	EndGlobalSection
	GlobalSection(ExtensibilityGlobals) = postSolution
		SolutionGuid = {64107873-EA80-47B9-B596-2AB0F9C191C7}
	EndGlobalSection
EndGlobal
